[[package]]
category = "dev"
description = "Atomic file writes."
name = "atomicwrites"
optional = false
python-versions = ">=2.7, !=3.0.*, !=3.1.*, !=3.2.*, !=3.3.*"
version = "1.3.0"

[[package]]
category = "dev"
description = "Classes Without Boilerplate"
name = "attrs"
optional = false
python-versions = ">=2.7, !=3.0.*, !=3.1.*, !=3.2.*, !=3.3.*"
version = "19.3.0"

[[package]]
category = "main"
description = "Extended pickling support for Python objects"
name = "cloudpickle"
optional = false
python-versions = "*"
version = "1.2.2"

[[package]]
category = "dev"
description = "Cross-platform colored terminal text."
marker = "sys_platform == \"win32\""
name = "colorama"
optional = false
python-versions = ">=2.7, !=3.0.*, !=3.1.*, !=3.2.*, !=3.3.*"
version = "0.4.1"

[[package]]
category = "main"
description = "Clean single-source support for Python 3 and 2"
name = "future"
optional = false
python-versions = ">=2.6, !=3.0.*, !=3.1.*, !=3.2.*"
version = "0.18.2"

[[package]]
category = "main"
description = "The OpenAI Gym: A toolkit for developing and comparing your reinforcement learning agents."
name = "gym"
optional = false
python-versions = ">=2.7, !=3.0.*, !=3.1.*, !=3.2.*, !=3.3.*, !=3.4.*"
version = "0.15.4"

[package.dependencies]
cloudpickle = ">=1.2.0,<1.3.0"
numpy = ">=1.10.4"
opencv-python = "*"
pyglet = ">=1.2.0,<=1.3.2"
scipy = "*"
six = "*"

[[package]]
category = "dev"
description = "Read metadata from Python packages"
marker = "python_version < \"3.8\""
name = "importlib-metadata"
optional = false
python-versions = ">=2.7,!=3.0,!=3.1,!=3.2,!=3.3"
version = "0.23"

[package.dependencies]
zipp = ">=0.5"

[[package]]
category = "dev"
description = "More routines for operating on iterables, beyond itertools"
name = "more-itertools"
optional = false
python-versions = ">=3.4"
version = "7.2.0"

[[package]]
category = "main"
description = "NumPy is the fundamental package for array computing with Python."
name = "numpy"
optional = false
python-versions = ">=3.5"
version = "1.17.4"

[[package]]
category = "main"
description = "Wrapper package for OpenCV python bindings."
name = "opencv-python"
optional = false
python-versions = "*"
version = "4.1.1.26"

[package.dependencies]
numpy = ">=1.11.1"

[[package]]
category = "dev"
description = "plugin and hook calling mechanisms for python"
name = "pluggy"
optional = false
python-versions = ">=2.7, !=3.0.*, !=3.1.*, !=3.2.*, !=3.3.*"
version = "0.13.0"

[package.dependencies]
[package.dependencies.importlib-metadata]
python = "<3.8"
version = ">=0.12"

[[package]]
category = "dev"
description = "library with cross-python path, ini-parsing, io, code, log facilities"
name = "py"
optional = false
python-versions = ">=2.7, !=3.0.*, !=3.1.*, !=3.2.*, !=3.3.*"
version = "1.8.0"

[[package]]
category = "main"
description = "Official Python Interface for the Bullet Physics SDK specialized for Robotics Simulation and Reinforcement Learning"
name = "pybullet"
optional = false
python-versions = "*"
version = "2.5.7"

[[package]]
category = "main"
description = "Cross-platform windowing and multimedia library"
name = "pyglet"
optional = false
python-versions = "*"
version = "1.3.2"

[package.dependencies]
future = "*"

[[package]]
category = "dev"
description = "pytest: simple powerful testing with Python"
name = "pytest"
optional = false
python-versions = ">=2.7, !=3.0.*, !=3.1.*, !=3.2.*, !=3.3.*"
version = "3.10.1"

[package.dependencies]
atomicwrites = ">=1.0"
attrs = ">=17.4.0"
colorama = "*"
more-itertools = ">=4.0.0"
pluggy = ">=0.7"
py = ">=1.5.0"
setuptools = "*"
six = ">=1.10.0"

[[package]]
category = "main"
description = "SciPy: Scientific Library for Python"
name = "scipy"
optional = false
python-versions = ">=3.5"
version = "1.3.2"

[package.dependencies]
numpy = ">=1.13.3"

[[package]]
category = "main"
description = "Python 2 and 3 compatibility utilities"
name = "six"
optional = false
python-versions = ">=2.6, !=3.0.*, !=3.1.*"
version = "1.13.0"

[[package]]
category = "main"
description = "An implementation of the WebSocket Protocol (RFC 6455 & 7692)"
name = "websockets"
optional = false
python-versions = ">=3.6.1"
version = "8.1"

[[package]]
category = "dev"
description = "Backport of pathlib-compatible object wrapper for zip files"
marker = "python_version < \"3.8\""
name = "zipp"
optional = false
python-versions = ">=2.7"
version = "0.6.0"

[package.dependencies]
more-itertools = "*"

[metadata]
content-hash = "4a36f0ce7d0f51f7e6b3572e0e04a1a7ae4ba3cb5065fef567395735d699153f"
python-versions = "^3.6.1"

[metadata.hashes]
atomicwrites = ["03472c30eb2c5d1ba9227e4c2ca66ab8287fbfbbda3888aa93dc2e28fc6811b4", "75a9445bac02d8d058d5e1fe689654ba5a6556a1dfd8ce6ec55a0ed79866cfa6"]
attrs = ["08a96c641c3a74e44eb59afb61a24f2cb9f4d7188748e76ba4bb5edfa3cb7d1c", "f7b7ce16570fe9965acd6d30101a28f62fb4a7f9e926b3bbc9b61f8b04247e72"]
cloudpickle = ["922401d7140e133253ff5fab4faa4a1166416066453a783b00b507dca93f8859", "f3ef2c9d438f1553ce7795afb18c1f190d8146132496169ef6aa9b7b65caa4c3"]
colorama = ["05eed71e2e327246ad6b38c540c4a3117230b19679b875190486ddd2d721422d", "f8ac84de7840f5b9c4e3347b3c1eaa50f7e49c2b07596221daec5edaabbd7c48"]
future = ["b1bead90b70cf6ec3f0710ae53a525360fa360d306a86583adc6bf83a4db537d"]
gym = ["3b930cbe1c76bbd30455b5e82ba723dea94159a5f988e927f443324bf7cc7ddd"]
importlib-metadata = ["aa18d7378b00b40847790e7c27e11673d7fed219354109d0e7b9e5b25dc3ad26", "d5f18a79777f3aa179c145737780282e27b508fc8fd688cb17c7a813e8bd39af"]
more-itertools = ["409cd48d4db7052af495b09dec721011634af3753ae1ef92d2b32f73a745f832", "92b8c4b06dac4f0611c0729b2f2ede52b2e1bac1ab48f089c7ddc12e26bb60c4"]
numpy = ["0a7a1dd123aecc9f0076934288ceed7fd9a81ba3919f11a855a7887cbe82a02f", "0c0763787133dfeec19904c22c7e358b231c87ba3206b211652f8cbe1241deb6", "3d52298d0be333583739f1aec9026f3b09fdfe3ddf7c7028cb16d9d2af1cca7e", "43bb4b70585f1c2d153e45323a886839f98af8bfa810f7014b20be714c37c447", "475963c5b9e116c38ad7347e154e5651d05a2286d86455671f5b1eebba5feb76", "64874913367f18eb3013b16123c9fed113962e75d809fca5b78ebfbb73ed93ba", "683828e50c339fc9e68720396f2de14253992c495fdddef77a1e17de55f1decc", "6ca4000c4a6f95a78c33c7dadbb9495c10880be9c89316aa536eac359ab820ae", "75fd817b7061f6378e4659dd792c84c0b60533e867f83e0d1e52d5d8e53df88c", "7d81d784bdbed30137aca242ab307f3e65c8d93f4c7b7d8f322110b2e90177f9", "8d0af8d3664f142414fd5b15cabfd3b6cc3ef242a3c7a7493257025be5a6955f", "9679831005fb16c6df3dd35d17aa31dc0d4d7573d84f0b44cc481490a65c7725", "a8f67ebfae9f575d85fa859b54d3bdecaeece74e3274b0b5c5f804d7ca789fe1", "acbf5c52db4adb366c064d0b7c7899e3e778d89db585feadd23b06b587d64761", "ada4805ed51f5bcaa3a06d3dd94939351869c095e30a2b54264f5a5004b52170", "c7354e8f0eca5c110b7e978034cd86ed98a7a5ffcf69ca97535445a595e07b8e", "e2e9d8c87120ba2c591f60e32736b82b67f72c37ba88a4c23c81b5b8fa49c018", "e467c57121fe1b78a8f68dd9255fbb3bb3f4f7547c6b9e109f31d14569f490c3", "ede47b98de79565fcd7f2decb475e2dcc85ee4097743e551fe26cfc7eb3ff143", "f58913e9227400f1395c7b800503ebfdb0772f1c33ff8cb4d6451c06cabdf316", "fe39f5fd4103ec4ca3cb8600b19216cd1ff316b4990f4c0b6057ad982c0a34d5"]
opencv-python = ["01505b131dc35f60e99a5da98b77156e37f872ae0ff5596e5e68d526bb572d3c", "0478a1037505ddde312806c960a5e8958d2cf7a2885e8f2f5dde74c4028e0b04", "17810b89f9ef8e8537e75332acf533e619e26ccadbf1b73f24bf338f2d327ddd", "19ad2ea9fb32946761b47b9d6eed51876a8329da127f27788263fecd66651ba0", "1a250edb739baf3e7c25d99a2ee252aac4f59a97e0bee39237eaa490fd0281d3", "3505468970448f66cd776cb9e179570c87988f94b5cf9bcbc4c2d88bd88bbdf1", "4e04a91da157885359f487534433340b2d709927559c80acf62c28167e59be02", "5a49cffcdec5e37217672579c3343565926d999642844efa9c6a031ed5f32318", "604b2ce3d4a86480ced0813da7fba269b4605ad9fea26cd2144d8077928d4b49", "61cbb8fa9565a0480c46028599431ad8f19181a7fac8070a700515fd54cd7377", "62d7c6e511c9454f099616315c695d02a584048e1affe034b39160db7a2ae34d", "6555272dd9efd412d17cdc1a4f4c2da5753c099d95d9ff01aca54bb9782fb5cf", "67d994c6b2b14cb9239e85dc7dfa6c08ef7cf6eb4def80c0af6141dfacc8cbb9", "68c9cbe538666c4667523821cc56caee49389bea06bae4c0fc2cd68bd264226a", "822ad8f628a9498f569c57d30865f5ef9ee17824cee0a1d456211f742028c135", "82d972429eb4fee22c1dc4204af2a2e981f010e5e4f66daea2a6c68381b79184", "9128924f5b58269ee221b8cf2d736f31bd3bb0391b92ee8504caadd68c8176a2", "9172cf8270572c494d8b2ae12ef87c0f6eed9d132927e614099f76843b0c91d7", "952bce4d30a8287b17721ddaad7f115dab268efee8576249ddfede80ec2ce404", "a8147718e70b1f170a3d26518e992160137365a4db0ed82a9efd3040f9f660d4", "bfdb636a3796ff223460ea0fcfda906b3b54f4bef22ae433a5b67e66fab00b25", "c9c3f27867153634e1083390920067008ebaaab78aeb09c4e0274e69746cb2c8", "d69be21973d450a4662ae6bd1b3df6b1af030e448d7276380b0d1adf7c8c2ae6", "db1479636812a6579a3753b72a6fefaa73190f32bf7b19e483f8bc750cebe1a5", "db8313d755962a7dd61e5c22a651e0743208adfdb255c6ec8904ce9cb02940c6", "e4625a6b032e7797958aeb630d6e3e91e3896d285020aae612e6d7b342d6dfea", "e8397a26966a1290836a52c34b362aabc65a422b9ffabcbbdec1862f023ccab8"]
pluggy = ["0db4b7601aae1d35b4a033282da476845aa19185c1e6964b25cf324b5e4ec3e6", "fa5fa1622fa6dd5c030e9cad086fa19ef6a0cf6d7a2d12318e10cb49d6d68f34"]
py = ["64f65755aee5b381cea27766a3a147c3f15b9b6b9ac88676de66ba2ae36793fa", "dc639b046a6e2cff5bbe40194ad65936d6ba360b52b3c3fe1d08a82dd50b5e53"]
pybullet = ["82a235a8fe3c8dee753d765c295ff0da92bcb5096209d26a0cfc3f5c6054e374"]
pyglet = ["8b07aea16f34ac861cffd06a0c17723ca944d172e577b57b21859b7990709a66", "b00570e7cdf6971af8953b6ece50d83d13272afa5d1f1197c58c0f478dd17743"]
pytest = ["3f193df1cfe1d1609d4c583838bea3d532b18d6160fd3f55c9447fdca30848ec", "e246cf173c01169b9617fc07264b7b1316e78d7a650055235d6d897bc80d9660"]
scipy = ["0359576d8cc058bd615999cf985e2423dc6cc824666d60e8b8d4810569a04655", "07673b5b96dbe28c88f3a53ca9af67f802aa853de7402e31f473b4dd6501c799", "0f81e71149539ac09053a3f9165659367b060eceef3bbde11e6600e1c341f1f2", "125aa82f7b3d4bd7f77fed6c3c6e31be47e33f129d829799569389ae59f913e7", "2dc26e5b3eb86b7adad506b6b04020f6a87e1102c9acd039e937d28bdcee7fa6", "2e4b5fdb635dd425bf46fbd6381612692d3c795f1eb6fe62410305a440691d46", "33ac3213ee617bbc0eac84d02b130d69093ed7738afb281dfdeb12a9dbdf1530", "34c48d922760782732d6f8f4532e320984d1280763c6787c6582021d34c8ad79", "3f556f63e070e9596624e42e99d23b259d8f0fc63ec093bef97a9f1c579565b2", "470d8fc76ccab6cfff60a9de4ce316a23ee7f63615d948c7446dc7c1bb45042d", "4ad7a3ae9831d2085d6f50b81bfcd76368293eafdf31f4ac9f109c6061309c24", "61812a7db0d9bc3f13653e52b8ddb1935cf444ec55f39160fc2778aeb2719057", "7a0477929e6f9d5928fe81fe75d00b7da9545a49109e66028d85848b18aeef99", "9c3221039da50f3b60da70b65d6b020ea26cefbb097116cfec696010432d1f6c", "a03939b431994289f39373c57bbe452974a7da724ae7f9620a1beee575434da4", "df4dbd3d40db3f667e0145dba5f50954bf28b2dd5b8b400c79d5e3fe8cb67ce2", "e837c8068bd1929a533e9d51562faf6584ddb5303d9e218d8c11aa4719dcd617", "ecfd45ca0ce1d6c13bef17794b4052cc9a9574f4be8d44c9bcfd7e34294bd2d7", "ee5888c62cd83c9bf9927ffcee08434e7d5c81a8f31e5b85af5470e511022c08", "f018892621b787b9abf76d51d1f0c21611c71752ebb1891ccf7992e0bf973708", "f2d5db81d90d14a32d4aff920f52fca5639bcaaaf87b4f61bce83a1d238f49fc"]
six = ["1f1b7d42e254082a9db6279deae68afb421ceba6158efa6131de7b3003ee93fd", "30f610279e8b2578cab6db20741130331735c781b56053c59c4076da27f06b66"]
websockets = ["0e4fb4de42701340bd2353bb2eee45314651caa6ccee80dbd5f5d5978888fed5", "1d3f1bf059d04a4e0eb4985a887d49195e15ebabc42364f4eb564b1d065793f5", "20891f0dddade307ffddf593c733a3fdb6b83e6f9eef85908113e628fa5a8308", "295359a2cc78736737dd88c343cd0747546b2174b5e1adc223824bcaf3e164cb", "2db62a9142e88535038a6bcfea70ef9447696ea77891aebb730a333a51ed559a", "3762791ab8b38948f0c4d281c8b2ddfa99b7e510e46bd8dfa942a5fff621068c", "3db87421956f1b0779a7564915875ba774295cc86e81bc671631379371af1170", "3ef56fcc7b1ff90de46ccd5a687bbd13a3180132268c4254fc0fa44ecf4fc422", "4f9f7d28ce1d8f1295717c2c25b732c2bc0645db3215cf757551c392177d7cb8", "5c01fd846263a75bc8a2b9542606927cfad57e7282965d96b93c387622487485", "5c65d2da8c6bce0fca2528f69f44b2f977e06954c8512a952222cea50dad430f", "751a556205d8245ff94aeef23546a1113b1dd4f6e4d102ded66c39b99c2ce6c8", "7ff46d441db78241f4c6c27b3868c9ae71473fe03341340d2dfdbe8d79310acc", "965889d9f0e2a75edd81a07592d0ced54daa5b0785f57dc429c378edbcffe779", "9b248ba3dd8a03b1a10b19efe7d4f7fa41d158fdaa95e2cf65af5a7b95a4f989", "9bef37ee224e104a413f0780e29adb3e514a5b698aabe0d969a6ba426b8435d1", "c1ec8db4fac31850286b7cd3b9c0e1b944204668b8eb721674916d4e28744092", "c8a116feafdb1f84607cb3b14aa1418424ae71fee131642fc568d21423b51824", "ce85b06a10fc65e6143518b96d3dca27b081a740bae261c2fb20375801a9d56d", "d705f8aeecdf3262379644e4b55107a3b55860eb812b673b28d0fbc347a60c55", "e898a0863421650f0bebac8ba40840fc02258ef4714cb7e1fd76b6a6354bda36", "f8a7bff6e8664afc4e6c28b983845c5bc14965030e3fb98789734d416af77c4b"]
zipp = ["3718b1cbcd963c7d4c5511a8240812904164b7f381b647143a89d3b98f9bcd8e", "f06903e9f1f43b12d371004b4ac7b06ab39a44adc747266928ae6debfa7b3335"]
